terraform apply
data.aws_canonical_user_id.current: Reading...
data.aws_canonical_user_id.current: Read complete after 0s [id=7433980e0c05be5f1d20c5aa1ed3e9e0c1c497a8f4749bd7f37596e61bc757a7]

Terraform used the selected providers to generate the following execution plan. Resource actions are indicated with the following symbols:
  + create

Terraform will perform the following actions:

  # aws_s3_bucket.static_assets_dummy_1 will be created
  + resource "aws_s3_bucket" "static_assets_dummy_1" {
      + acceleration_status         = (known after apply)
      + acl                         = (known after apply)
      + arn                         = (known after apply)
      + bucket                      = (known after apply)
      + bucket_domain_name          = (known after apply)
      + bucket_prefix               = "static-assets-dummy-1-"
      + bucket_regional_domain_name = (known after apply)
      + force_destroy               = false
      + hosted_zone_id              = (known after apply)
      + id                          = (known after apply)
      + object_lock_enabled         = (known after apply)
      + policy                      = (known after apply)
      + region                      = (known after apply)
      + request_payer               = (known after apply)
      + tags                        = {
          + "Env" = "staging"
        }
      + tags_all                    = {
          + "Env" = "staging"
        }
      + website_domain              = (known after apply)
      + website_endpoint            = (known after apply)

      + cors_rule (known after apply)

      + grant (known after apply)

      + lifecycle_rule (known after apply)

      + logging (known after apply)

      + object_lock_configuration (known after apply)

      + replication_configuration (known after apply)

      + server_side_encryption_configuration (known after apply)

      + versioning (known after apply)

      + website (known after apply)
    }

  # aws_s3_bucket.static_assets_dummy_2 will be created
  + resource "aws_s3_bucket" "static_assets_dummy_2" {
      + acceleration_status         = (known after apply)
      + acl                         = (known after apply)
      + arn                         = (known after apply)
      + bucket                      = (known after apply)
      + bucket_domain_name          = (known after apply)
      + bucket_prefix               = "static-assets-dummy-2-"
      + bucket_regional_domain_name = (known after apply)
      + force_destroy               = false
      + hosted_zone_id              = (known after apply)
      + id                          = (known after apply)
      + object_lock_enabled         = (known after apply)
      + policy                      = (known after apply)
      + region                      = (known after apply)
      + request_payer               = (known after apply)
      + tags                        = {
          + "Env" = "staging"
        }
      + tags_all                    = {
          + "Env" = "staging"
        }
      + website_domain              = (known after apply)
      + website_endpoint            = (known after apply)

      + cors_rule (known after apply)

      + grant (known after apply)

      + lifecycle_rule (known after apply)

      + logging (known after apply)

      + object_lock_configuration (known after apply)

      + replication_configuration (known after apply)

      + server_side_encryption_configuration (known after apply)

      + versioning (known after apply)

      + website (known after apply)
    }

  # aws_s3_bucket_acl.static_assets_dummy_1 will be created
  + resource "aws_s3_bucket_acl" "static_assets_dummy_1" {
      + bucket = (known after apply)
      + id     = (known after apply)

      + access_control_policy {
          + grant {
              + permission = "FULL_CONTROL"

              + grantee {
                  + display_name  = (known after apply)
                  + id            = "7433980e0c05be5f1d20c5aa1ed3e9e0c1c497a8f4749bd7f37596e61bc757a7"
                  + type          = "CanonicalUser"
                    # (2 unchanged attributes hidden)
                }
            }
          + grant {
              + permission = "READ"

              + grantee {
                  + display_name  = (known after apply)
                  + id            = "7433980e0c05be5f1d20c5aa1ed3e9e0c1c497a8f4749bd7f37596e61bc757a7"
                  + type          = "CanonicalUser"
                    # (2 unchanged attributes hidden)
                }
            }
          + owner {
              + display_name = (known after apply)
              + id           = "7433980e0c05be5f1d20c5aa1ed3e9e0c1c497a8f4749bd7f37596e61bc757a7"
            }
        }
    }

  # aws_s3_bucket_acl.static_assets_dummy_2 will be created
  + resource "aws_s3_bucket_acl" "static_assets_dummy_2" {
      + acl    = "public-read"
      + bucket = (known after apply)
      + id     = (known after apply)

      + access_control_policy (known after apply)
    }

  # aws_s3_bucket_ownership_controls.static_assets_dummy_1 will be created
  + resource "aws_s3_bucket_ownership_controls" "static_assets_dummy_1" {
      + bucket = (known after apply)
      + id     = (known after apply)

      + rule {
          + object_ownership = "BucketOwnerPreferred"
        }
    }

  # aws_s3_bucket_ownership_controls.static_assets_dummy_2 will be created
  + resource "aws_s3_bucket_ownership_controls" "static_assets_dummy_2" {
      + bucket = (known after apply)
      + id     = (known after apply)

      + rule {
          + object_ownership = "BucketOwnerPreferred"
        }
    }

  # aws_s3_bucket_public_access_block.static_assets_dummy_2 will be created
  + resource "aws_s3_bucket_public_access_block" "static_assets_dummy_2" {
      + block_public_acls       = false
      + block_public_policy     = true
      + bucket                  = (known after apply)
      + id                      = (known after apply)
      + ignore_public_acls      = false
      + restrict_public_buckets = true
    }

Plan: 7 to add, 0 to change, 0 to destroy.

Changes to Outputs:
  + bucket_name_dummy_1 = (known after apply)
  + bucket_name_dummy_2 = (known after apply)

Do you want to perform these actions?
  Terraform will perform the actions described above.
  Only 'yes' will be accepted to approve.

  Enter a value: yes

aws_s3_bucket.static_assets_dummy_1: Creating...
aws_s3_bucket.static_assets_dummy_2: Creating...
aws_s3_bucket.static_assets_dummy_2: Creation complete after 3s [id=static-assets-dummy-2-20251109132747454200000002]
aws_s3_bucket_public_access_block.static_assets_dummy_2: Creating...
aws_s3_bucket_ownership_controls.static_assets_dummy_2: Creating...
aws_s3_bucket.static_assets_dummy_1: Creation complete after 3s [id=static-assets-dummy-1-20251109132747454200000001]
aws_s3_bucket_ownership_controls.static_assets_dummy_1: Creating...
aws_s3_bucket_public_access_block.static_assets_dummy_2: Creation complete after 0s [id=static-assets-dummy-2-20251109132747454200000002]
aws_s3_bucket_ownership_controls.static_assets_dummy_1: Creation complete after 1s [id=static-assets-dummy-1-20251109132747454200000001]
aws_s3_bucket_acl.static_assets_dummy_1: Creating...
aws_s3_bucket_ownership_controls.static_assets_dummy_2: Creation complete after 1s [id=static-assets-dummy-2-20251109132747454200000002]
aws_s3_bucket_acl.static_assets_dummy_2: Creating...
aws_s3_bucket_acl.static_assets_dummy_2: Creation complete after 0s [id=static-assets-dummy-2-20251109132747454200000002,public-read]
aws_s3_bucket_acl.static_assets_dummy_1: Creation complete after 0s [id=static-assets-dummy-1-20251109132747454200000001]

Apply complete! Resources: 7 added, 0 changed, 0 destroyed.

Outputs:

bucket_name_dummy_1 = "static-assets-dummy-1-20251109132747454200000001"
bucket_name_dummy_2 = "static-assets-dummy-2-20251109132747454200000002"